
Microsoft Visual Studio Solution File, Format Version 12.00
# Visual Studio 15
Project("{FAE04EC0-301F-11D3-BF4B-00C04F79EFBC}") = "UnityEngine.UI", "UnityEngine.UI.csproj", "{968E7672-503D-7D4B-0102-0FDBA19DAF91}"
EndProject
Project("{FAE04EC0-301F-11D3-BF4B-00C04F79EFBC}") = "Assembly-CSharp", "Assembly-CSharp.csproj", "{D7C01368-47DD-163D-928C-F83091AC0CF3}"
EndProject
Project("{FAE04EC0-301F-11D3-BF4B-00C04F79EFBC}") = "Unity.2D.Sprite.Editor", "Unity.2D.Sprite.Editor.csproj", "{8F9826D9-AB9C-BCEE-9F32-73340F0A81E6}"
EndProject
Project("{FAE04EC0-301F-11D3-BF4B-00C04F79EFBC}") = "UnityEditor.UI", "UnityEditor.UI.csproj", "{2C3FAAC9-C9A7-BE3D-6E44-D239FBB7A3C5}"
EndProject
Project("{FAE04EC0-301F-11D3-BF4B-00C04F79EFBC}") = "Assembly-CSharp-Editor", "Assembly-CSharp-Editor.csproj", "{38E0284F-3A8F-D8C2-A697-9FA66DD07A97}"
EndProject
Global
	GlobalSection(SolutionConfigurationPlatforms) = preSolution
		Debug|Any CPU = Debug|Any CPU
		Release|Any CPU = Release|Any CPU
	EndGlobalSection
	GlobalSection(ProjectConfigurationPlatforms) = postSolution
		{968E7672-503D-7D4B-0102-0FDBA19DAF91}.Debug|Any CPU.ActiveCfg = Debug|Any CPU
		{968E7672-503D-7D4B-0102-0FDBA19DAF91}.Debug|Any CPU.Build.0 = Debug|Any CPU
		{968E7672-503D-7D4B-0102-0FDBA19DAF91}.Release|Any CPU.ActiveCfg = Release|Any CPU
		{968E7672-503D-7D4B-0102-0FDBA19DAF91}.Release|Any CPU.Build.0 = Release|Any CPU
		{D7C01368-47DD-163D-928C-F83091AC0CF3}.Debug|Any CPU.ActiveCfg = Debug|Any CPU
		{D7C01368-47DD-163D-928C-F83091AC0CF3}.Debug|Any CPU.Build.0 = Debug|Any CPU
		{D7C01368-47DD-163D-928C-F83091AC0CF3}.Release|Any CPU.ActiveCfg = Release|Any CPU
		{D7C01368-47DD-163D-928C-F83091AC0CF3}.Release|Any CPU.Build.0 = Release|Any CPU
		{8F9826D9-AB9C-BCEE-9F32-73340F0A81E6}.Debug|Any CPU.ActiveCfg = Debug|Any CPU
		{8F9826D9-AB9C-BCEE-9F32-73340F0A81E6}.Debug|Any CPU.Build.0 = Debug|Any CPU
		{8F9826D9-AB9C-BCEE-9F32-73340F0A81E6}.Release|Any CPU.ActiveCfg = Release|Any CPU
		{8F9826D9-AB9C-BCEE-9F32-73340F0A81E6}.Release|Any CPU.Build.0 = Release|Any CPU
		{2C3FAAC9-C9A7-BE3D-6E44-D239FBB7A3C5}.Debug|Any CPU.ActiveCfg = Debug|Any CPU
		{2C3FAAC9-C9A7-BE3D-6E44-D239FBB7A3C5}.Debug|Any CPU.Build.0 = Debug|Any CPU
		{2C3FAAC9-C9A7-BE3D-6E44-D239FBB7A3C5}.Release|Any CPU.ActiveCfg = Release|Any CPU
		{2C3FAAC9-C9A7-BE3D-6E44-D239FBB7A3C5}.Release|Any CPU.Build.0 = Release|Any CPU
		{38E0284F-3A8F-D8C2-A697-9FA66DD07A97}.Debug|Any CPU.ActiveCfg = Debug|Any CPU
		{38E0284F-3A8F-D8C2-A697-9FA66DD07A97}.Debug|Any CPU.Build.0 = Debug|Any CPU
		{38E0284F-3A8F-D8C2-A697-9FA66DD07A97}.Release|Any CPU.ActiveCfg = Release|Any CPU
		{38E0284F-3A8F-D8C2-A697-9FA66DD07A97}.Release|Any CPU.Build.0 = Release|Any CPU
	EndGlobalSection
	GlobalSection(SolutionProperties) = preSolution
		HideSolutionNode = FALSE
	EndGlobalSection
EndGlobal
